{
  "name": "typescript",
  "version": "1.0.0",
  "lockfileVersion": 1,
  "requires": true,
  "dependencies": {
    "@types/lodash": {
      "version": "4.14.134",
      "resolved": "https://registry.npmjs.org/@types/lodash/-/lodash-4.14.134.tgz",
      "integrity": "sha512-2/O0khFUCFeDlbi7sZ7ZFRCcT812fAeOLm7Ev4KbwASkZ575TDrDcY7YyaoHdTOzKcNbfiwLYZqPmoC4wadrsw=="
    },
    "@types/node": {
      "version": "12.0.7",
      "resolved": "https://registry.npmjs.org/@types/node/-/node-12.0.7.tgz",
      "integrity": "sha512-1YKeT4JitGgE4SOzyB9eMwO0nGVNkNEsm9qlIt1Lqm/tG2QEiSMTD4kS3aO6L+w5SClLVxALmIBESK6Mk5wX0A=="
    },
    "@types/node-fetch": {
      "version": "2.3.5",
      "resolved": "https://registry.npmjs.org/@types/node-fetch/-/node-fetch-2.3.5.tgz",
      "integrity": "sha512-Sh6FFmu7t4ccxKTplwKgEeg4fYWi9Ib1uVq3eSEndj6ckM6GaJnHp5mxHmMOq3JsU+lIq5I5GYCLVEpWXoAucA==",
      "requires": {
        "@types/node": "*"
      }
    },
    "@types/ramda": {
      "version": "0.26.9",
      "resolved": "https://registry.npmjs.org/@types/ramda/-/ramda-0.26.9.tgz",
      "integrity": "sha512-yozsk6sXE29kP/mzLCgZ6RFSwx2pD41ZgW1m4rk3meKyj4mw77ISxnu5Knc1tLaKQd2ocdd7Y0daCG678olPfw=="
    },
    "data-uri-to-buffer": {
      "version": "4.0.0",
      "resolved": "https://registry.npmjs.org/data-uri-to-buffer/-/data-uri-to-buffer-4.0.0.tgz",
      "integrity": "sha512-Vr3mLBA8qWmcuschSLAOogKgQ/Jwxulv3RNE4FXnYWRGujzrRWQI4m12fQqRkwX06C0KanhLr4hK+GydchZsaA=="
    },
    "fetch-blob": {
      "version": "3.1.4",
      "resolved": "https://registry.npmjs.org/fetch-blob/-/fetch-blob-3.1.4.tgz",
      "integrity": "sha512-Eq5Xv5+VlSrYWEqKrusxY1C3Hm/hjeAsCGVG3ft7pZahlUAChpGZT/Ms1WmSLnEAisEXszjzu/s+ce6HZB2VHA==",
      "requires": {
        "node-domexception": "^1.0.0",
        "web-streams-polyfill": "^3.0.3"
      }
    },
    "formdata-polyfill": {
      "version": "4.0.10",
      "resolved": "https://registry.npmjs.org/formdata-polyfill/-/formdata-polyfill-4.0.10.tgz",
      "integrity": "sha512-buewHzMvYL29jdeQTVILecSaZKnt/RJWjoZCF5OW60Z67/GmSLBkOFM7qh1PI3zFNtJbaZL5eQu1vLfazOwj4g==",
      "requires": {
        "fetch-blob": "^3.1.2"
      }
    },
    "funfix": {
      "version": "7.0.1",
      "resolved": "https://registry.npmjs.org/funfix/-/funfix-7.0.1.tgz",
      "integrity": "sha1-qjO3FiKxi8ZVcHleH3UZnwm9rdo=",
      "requires": {
        "funfix-core": "^7.0.1",
        "funfix-effect": "^7.0.1",
        "funfix-exec": "^7.0.1",
        "funland": "^0.1.4"
      }
    },
    "funfix-core": {
      "version": "7.0.1",
      "resolved": "https://registry.npmjs.org/funfix-core/-/funfix-core-7.0.1.tgz",
      "integrity": "sha1-iUqfOe9YLF1tzJ7zhDgdEoGegJQ=",
      "requires": {
        "funland": "^0.1.4"
      }
    },
    "funfix-effect": {
      "version": "7.0.1",
      "resolved": "https://registry.npmjs.org/funfix-effect/-/funfix-effect-7.0.1.tgz",
      "integrity": "sha1-cV8MVaWa5SBZXafjn5qx4jlUQGk=",
      "requires": {
        "funfix-core": "^7.0.1",
        "funfix-exec": "^7.0.1",
        "funland": "^0.1.4"
      }
    },
    "funfix-exec": {
      "version": "7.0.1",
      "resolved": "https://registry.npmjs.org/funfix-exec/-/funfix-exec-7.0.1.tgz",
      "integrity": "sha1-guR27EopgXzLR0CxcAwKHZwXc04=",
      "requires": {
        "funfix-core": "^7.0.1",
        "funland": "^0.1.4"
      }
    },
    "funland": {
      "version": "0.1.5",
      "resolved": "https://registry.npmjs.org/funland/-/funland-0.1.5.tgz",
      "integrity": "sha512-rwAiqVgWEj3+OrIlARf0ebHwcuoAqukkiqfq3+FPf1FAa2/tbdvxr/FPjJD3FnljSuktwWM3f8jHNRS6ASJIsw=="
    },
    "immer": {
      "version": "3.1.3",
      "resolved": "https://registry.npmjs.org/immer/-/immer-3.1.3.tgz",
      "integrity": "sha512-HG5SXTXTTVy9lGNwS075cNhQoV375jHsIJO3UtMjuUWJOuwlMr0u42FlsKTJcppt5AzsFAsmj9r4kHvsSHh3hQ=="
    },
    "immutable": {
      "version": "4.0.0-rc.12",
      "resolved": "https://registry.npmjs.org/immutable/-/immutable-4.0.0-rc.12.tgz",
      "integrity": "sha512-0M2XxkZLx/mi3t8NVwIm1g8nHoEmM9p9UBl/G9k4+hm0kBgOVdMV/B3CY5dQ8qG8qc80NN4gDV4HQv6FTJ5q7A=="
    },
    "lodash": {
      "version": "4.17.11",
      "resolved": "https://registry.npmjs.org/lodash/-/lodash-4.17.11.tgz",
      "integrity": "sha512-cQKh8igo5QUhZ7lg38DYWAxMvjSAKG0A8wGSVimP07SIUEK2UO+arSRKbRZWtelMtN5V0Hkwh5ryOto/SshYIg=="
    },
    "node-domexception": {
      "version": "1.0.0",
      "resolved": "https://registry.npmjs.org/node-domexception/-/node-domexception-1.0.0.tgz",
      "integrity": "sha512-/jKZoMpw0F8GRwl4/eLROPA3cfcXtLApP0QzLmUT/HuPCZWyB7IY9ZrMeKw2O/nFIqPQB3PVM9aYm0F312AXDQ=="
    },
    "node-fetch": {
      "version": "3.1.1",
      "resolved": "https://registry.npmjs.org/node-fetch/-/node-fetch-3.1.1.tgz",
      "integrity": "sha512-SMk+vKgU77PYotRdWzqZGTZeuFKlsJ0hu4KPviQKkfY+N3vn2MIzr0rvpnYpR8MtB3IEuhlEcuOLbGvLRlA+yg==",
      "requires": {
        "data-uri-to-buffer": "^4.0.0",
        "fetch-blob": "^3.1.3",
        "formdata-polyfill": "^4.0.10"
      }
    },
    "ramda": {
      "version": "0.26.1",
      "resolved": "https://registry.npmjs.org/ramda/-/ramda-0.26.1.tgz",
      "integrity": "sha512-hLWjpy7EnsDBb0p+Z3B7rPi3GDeRG5ZtiI33kJhTt+ORCd38AbAIjB/9zRIUoeTbE/AVX5ZkU7m6bznsvrf8eQ=="
    },
    "rxjs": {
      "version": "6.5.2",
      "resolved": "https://registry.npmjs.org/rxjs/-/rxjs-6.5.2.tgz",
      "integrity": "sha512-HUb7j3kvb7p7eCUHE3FqjoDsC1xfZQ4AHFWfTKSpZ+sAhhz5X1WX0ZuUqWbzB2QhSLp3DoLUG+hMdEDKqWo2Zg==",
      "requires": {
        "tslib": "^1.9.0"
      }
    },
    "tslib": {
      "version": "1.9.3",
      "resolved": "https://registry.npmjs.org/tslib/-/tslib-1.9.3.tgz",
      "integrity": "sha512-4krF8scpejhaOgqzBEcGM7yDIEfi0/8+8zDRZhNZZ2kjmHJ4hv3zCbQWxoJGz1iw5U0Jl0nma13xzHXcncMavQ=="
    },
    "web-streams-polyfill": {
      "version": "3.2.0",
      "resolved": "https://registry.npmjs.org/web-streams-polyfill/-/web-streams-polyfill-3.2.0.tgz",
      "integrity": "sha512-EqPmREeOzttaLRm5HS7io98goBgZ7IVz79aDvqjD0kYXLtFZTc0T/U6wHTPKyIjb+MdN7DFIIX6hgdBEpWmfPA=="
    }
  }
}
